// !$*UTF8*$!
{
	archiveVersion = 1;
	classes = {
	};
	objectVersion = 46;
	objects = {

/* Begin PBXBuildFile section */
		0A330205486064151D59B5B0 /* Pods_FoodViewer.framework in Frameworks */ = {isa = PBXBuildFile; fileRef = 0AF4ACF2982F575976B35403 /* Pods_FoodViewer.framework */; };
		512499A11C6CD0100061A083 /* imageViewController.swift in Sources */ = {isa = PBXBuildFile; fileRef = 512499A01C6CD0100061A083 /* imageViewController.swift */; };
		5139824A1C8C700D00250FB1 /* EmptyNutrientsTableViewCell.swift in Sources */ = {isa = PBXBuildFile; fileRef = 513982491C8C700B00250FB1 /* EmptyNutrientsTableViewCell.swift */; };
		5159D8A71C6666C60082C60E /* NameTableViewCell.swift in Sources */ = {isa = PBXBuildFile; fileRef = 5159D8A61C6666C60082C60E /* NameTableViewCell.swift */; };
		516619281C61EFCE00956EB4 /* OpenFoodFactsRequest.swift in Sources */ = {isa = PBXBuildFile; fileRef = 516619271C61EFCE00956EB4 /* OpenFoodFactsRequest.swift */; };
		516B327F1C74D9560031EF80 /* EditProductViewController.swift in Sources */ = {isa = PBXBuildFile; fileRef = 516B327E1C74D9560031EF80 /* EditProductViewController.swift */; };
		516B32811C75F2430031EF80 /* BarcodeType.swift in Sources */ = {isa = PBXBuildFile; fileRef = 516B32801C75F2430031EF80 /* BarcodeType.swift */; };
		516B32831C75F47F0031EF80 /* NutritionLevelQuantity.swift in Sources */ = {isa = PBXBuildFile; fileRef = 516B32821C75F47F0031EF80 /* NutritionLevelQuantity.swift */; };
		516B32851C75F5130031EF80 /* NutritionItem.swift in Sources */ = {isa = PBXBuildFile; fileRef = 516B32841C75F5120031EF80 /* NutritionItem.swift */; };
		516B32871C75F6F30031EF80 /* NutritionalGradeLevel.swift in Sources */ = {isa = PBXBuildFile; fileRef = 516B32861C75F6F30031EF80 /* NutritionalGradeLevel.swift */; };
		516B32891C75F74F0031EF80 /* CompletionState.swift in Sources */ = {isa = PBXBuildFile; fileRef = 516B32881C75F74F0031EF80 /* CompletionState.swift */; };
		516B328B1C75FE4B0031EF80 /* NutrientsTableViewController.swift in Sources */ = {isa = PBXBuildFile; fileRef = 516B328A1C75FE4B0031EF80 /* NutrientsTableViewController.swift */; };
		516B328D1C75FF100031EF80 /* NutrientsImageTableViewCell.swift in Sources */ = {isa = PBXBuildFile; fileRef = 516B328C1C75FF100031EF80 /* NutrientsImageTableViewCell.swift */; };
		516B32901C7600F30031EF80 /* ServingSizeTableViewCell.swift in Sources */ = {isa = PBXBuildFile; fileRef = 516B328F1C7600F30031EF80 /* ServingSizeTableViewCell.swift */; };
		516B32921C76043D0031EF80 /* NutrientsTableViewCell.swift in Sources */ = {isa = PBXBuildFile; fileRef = 516B32911C76043D0031EF80 /* NutrientsTableViewCell.swift */; };
		516D0C231C8DD30400C1C789 /* CountriesTagListViewTableViewCell.swift in Sources */ = {isa = PBXBuildFile; fileRef = 516D0C221C8DD30300C1C789 /* CountriesTagListViewTableViewCell.swift */; };
		516D0C281C8F4CC300C1C789 /* InfoPlist.strings in Resources */ = {isa = PBXBuildFile; fileRef = 516D0C2A1C8F4CC300C1C789 /* InfoPlist.strings */; };
		516D0C2D1C8F4CC400C1C789 /* Localizable.strings in Resources */ = {isa = PBXBuildFile; fileRef = 516D0C2F1C8F4CC400C1C789 /* Localizable.strings */; };
		516D0C311C906E9F00C1C789 /* NutritionFactsTableViewCell.swift in Sources */ = {isa = PBXBuildFile; fileRef = 516D0C301C906E9E00C1C789 /* NutritionFactsTableViewCell.swift */; };
		516D0C331C91CC5D00C1C789 /* SettingsTableViewController.swift in Sources */ = {isa = PBXBuildFile; fileRef = 516D0C321C91CC5C00C1C789 /* SettingsTableViewController.swift */; };
		5176AAEB1CA44F5A00B0494A /* Address.swift in Sources */ = {isa = PBXBuildFile; fileRef = 5176AAEA1CA44F5A00B0494A /* Address.swift */; };
		517AAD481C7DB08100B12F3C /* IngredientsTableViewController.swift in Sources */ = {isa = PBXBuildFile; fileRef = 517AAD471C7DB07F00B12F3C /* IngredientsTableViewController.swift */; };
		517AAD4A1C7DB5AD00B12F3C /* IngredientsFullTableViewCell.swift in Sources */ = {isa = PBXBuildFile; fileRef = 517AAD491C7DB5AD00B12F3C /* IngredientsFullTableViewCell.swift */; };
		517AAD4D1C7DB60700B12F3C /* AllergensFullTableViewCell.swift in Sources */ = {isa = PBXBuildFile; fileRef = 517AAD4C1C7DB60700B12F3C /* AllergensFullTableViewCell.swift */; };
		517AAD4F1C7DB61700B12F3C /* TracesFullTableViewCell.swift in Sources */ = {isa = PBXBuildFile; fileRef = 517AAD4E1C7DB61700B12F3C /* TracesFullTableViewCell.swift */; };
		517AAD511C7DB62700B12F3C /* AdditivesFullTableViewCell.swift in Sources */ = {isa = PBXBuildFile; fileRef = 517AAD501C7DB62700B12F3C /* AdditivesFullTableViewCell.swift */; };
		517AAD531C7DB63A00B12F3C /* IngredientsImageTableViewCell.swift in Sources */ = {isa = PBXBuildFile; fileRef = 517AAD521C7DB63A00B12F3C /* IngredientsImageTableViewCell.swift */; };
		517AAD551C7DB65400B12F3C /* LabelsFullTableViewCell.swift in Sources */ = {isa = PBXBuildFile; fileRef = 517AAD541C7DB65400B12F3C /* LabelsFullTableViewCell.swift */; };
		517AAD571C81D1DE00B12F3C /* CategoriesExtendedTableViewCell.swift in Sources */ = {isa = PBXBuildFile; fileRef = 517AAD561C81D1DE00B12F3C /* CategoriesExtendedTableViewCell.swift */; };
		5180B9081C5D3B57002DBD21 /* AppDelegate.swift in Sources */ = {isa = PBXBuildFile; fileRef = 5180B9071C5D3B57002DBD21 /* AppDelegate.swift */; };
		5180B90F1C5D3B57002DBD21 /* Assets.xcassets in Resources */ = {isa = PBXBuildFile; fileRef = 5180B90E1C5D3B57002DBD21 /* Assets.xcassets */; };
		5180B9121C5D3B57002DBD21 /* LaunchScreen.storyboard in Resources */ = {isa = PBXBuildFile; fileRef = 5180B9101C5D3B57002DBD21 /* LaunchScreen.storyboard */; };
		5180B91B1C5D3B9E002DBD21 /* Product.swift in Sources */ = {isa = PBXBuildFile; fileRef = 5180B91A1C5D3B9E002DBD21 /* Product.swift */; };
		5180B91F1C5E5BB8002DBD21 /* ProductTableViewController.swift in Sources */ = {isa = PBXBuildFile; fileRef = 5180B91E1C5E5BB7002DBD21 /* ProductTableViewController.swift */; };
		51A3D3151CA1BC0900B36B5A /* MapTableViewCell.swift in Sources */ = {isa = PBXBuildFile; fileRef = 51A3D3141CA1BC0900B36B5A /* MapTableViewCell.swift */; };
		51A3D3171CA1BFDD00B36B5A /* SupplyChainLocation.swift in Sources */ = {isa = PBXBuildFile; fileRef = 51A3D3161CA1BFDD00B36B5A /* SupplyChainLocation.swift */; };
		51AFB0051C73455E00598444 /* IdentificationTableViewController.swift in Sources */ = {isa = PBXBuildFile; fileRef = 51AFB0041C73455E00598444 /* IdentificationTableViewController.swift */; };
		51AFB0071C734C6600598444 /* IdentificationTagListViewTableViewCell.swift in Sources */ = {isa = PBXBuildFile; fileRef = 51AFB0061C734C6600598444 /* IdentificationTagListViewTableViewCell.swift */; };
		51AFB00A1C734D6900598444 /* IdentificationImageTableViewCell.swift in Sources */ = {isa = PBXBuildFile; fileRef = 51AFB0091C734D6900598444 /* IdentificationImageTableViewCell.swift */; };
		51AFB00C1C73965800598444 /* IdentificationPackagingTagListViewTableViewCell.swift in Sources */ = {isa = PBXBuildFile; fileRef = 51AFB00B1C73965800598444 /* IdentificationPackagingTagListViewTableViewCell.swift */; };
		51AFB00E1C74876E00598444 /* ContributorTableViewCell.swift in Sources */ = {isa = PBXBuildFile; fileRef = 51AFB00D1C74876D00598444 /* ContributorTableViewCell.swift */; };
		51C29E421C708BAA00271708 /* CategoriesTableViewController.swift in Sources */ = {isa = PBXBuildFile; fileRef = 51C29E411C708BAA00271708 /* CategoriesTableViewController.swift */; };
		51C29E461C70A30B00271708 /* ProducerTableViewCell.swift in Sources */ = {isa = PBXBuildFile; fileRef = 51C29E451C70A30B00271708 /* ProducerTableViewCell.swift */; };
		51C29E481C70A96900271708 /* SupplyChainTableViewController.swift in Sources */ = {isa = PBXBuildFile; fileRef = 51C29E471C70A96900271708 /* SupplyChainTableViewController.swift */; };
		51C29E4A1C70AA4700271708 /* TagListViewTableViewCell.swift in Sources */ = {isa = PBXBuildFile; fileRef = 51C29E491C70AA4700271708 /* TagListViewTableViewCell.swift */; };
		51C29E4C1C70B85D00271708 /* BarcodeScanViewController.swift in Sources */ = {isa = PBXBuildFile; fileRef = 51C29E4B1C70B85C00271708 /* BarcodeScanViewController.swift */; };
		51C611A81C88B2A3007A9BC5 /* ProductPageViewController.swift in Sources */ = {isa = PBXBuildFile; fileRef = 51C611A71C88B2A2007A9BC5 /* ProductPageViewController.swift */; };
		51C86B5D1C6DE901002B7566 /* CommunityTableViewCell.swift in Sources */ = {isa = PBXBuildFile; fileRef = 51C86B5C1C6DE901002B7566 /* CommunityTableViewCell.swift */; };
		51C86B5F1C6E272A002B7566 /* CompletionTableViewCell.swift in Sources */ = {isa = PBXBuildFile; fileRef = 51C86B5E1C6E272A002B7566 /* CompletionTableViewCell.swift */; };
		51C86B611C6E322C002B7566 /* CompletionStatesTableViewController.swift in Sources */ = {isa = PBXBuildFile; fileRef = 51C86B601C6E322B002B7566 /* CompletionStatesTableViewController.swift */; };
		51C86B631C6E33E2002B7566 /* StateTableViewCell.swift in Sources */ = {isa = PBXBuildFile; fileRef = 51C86B621C6E33E2002B7566 /* StateTableViewCell.swift */; };
		51DAD3701C5F63CD00895513 /* IngredientsTableViewCell.swift in Sources */ = {isa = PBXBuildFile; fileRef = 51DAD36F1C5F63CD00895513 /* IngredientsTableViewCell.swift */; };
		51DAD3721C5F63F900895513 /* CategoriesTableViewCell.swift in Sources */ = {isa = PBXBuildFile; fileRef = 51DAD3711C5F63F900895513 /* CategoriesTableViewCell.swift */; };
		51DAD3741C5F642C00895513 /* NutritionScoreTableViewCell.swift in Sources */ = {isa = PBXBuildFile; fileRef = 51DAD3731C5F642C00895513 /* NutritionScoreTableViewCell.swift */; };
		51E306A01C68E0B900485A8D /* Main.storyboard in Resources */ = {isa = PBXBuildFile; fileRef = 51E3069E1C68E0B900485A8D /* Main.storyboard */; };
		51E5CC961CAD13A600216868 /* 54004207.json in Resources */ = {isa = PBXBuildFile; fileRef = 51E5CC951CAD13A400216868 /* 54004207.json */; };
		51E5CC981CB10A7E00216868 /* ViewController.swift in Sources */ = {isa = PBXBuildFile; fileRef = 51E5CC971CB10A7A00216868 /* ViewController.swift */; };
		51E614941C8349AD00DAEE6C /* History.swift in Sources */ = {isa = PBXBuildFile; fileRef = 51E614931C8349AD00DAEE6C /* History.swift */; };
		51EA98B61C64A3C3000A503D /* Podfile in Resources */ = {isa = PBXBuildFile; fileRef = 51EA98B51C64A3C3000A503D /* Podfile */; };
		51EA98B81C64A3DD000A503D /* JSON.swift in Sources */ = {isa = PBXBuildFile; fileRef = 51EA98B71C64A3DD000A503D /* JSON.swift */; };
/* End PBXBuildFile section */

/* Begin PBXFileReference section */
		0AF4ACF2982F575976B35403 /* Pods_FoodViewer.framework */ = {isa = PBXFileReference; explicitFileType = wrapper.framework; includeInIndex = 0; path = Pods_FoodViewer.framework; sourceTree = BUILT_PRODUCTS_DIR; };
		51243AA41CA92906003F6D88 /* 20454456.json */ = {isa = PBXFileReference; lastKnownFileType = text.json; path = 20454456.json; sourceTree = "<group>"; };
		51243AA51CA93DCB003F6D88 /* APIDataFields.txt */ = {isa = PBXFileReference; lastKnownFileType = text; name = APIDataFields.txt; path = ../APIDataFields.txt; sourceTree = "<group>"; };
		512499A01C6CD0100061A083 /* imageViewController.swift */ = {isa = PBXFileReference; fileEncoding = 4; lastKnownFileType = sourcecode.swift; path = imageViewController.swift; sourceTree = "<group>"; };
		513982491C8C700B00250FB1 /* EmptyNutrientsTableViewCell.swift */ = {isa = PBXFileReference; fileEncoding = 4; lastKnownFileType = sourcecode.swift; path = EmptyNutrientsTableViewCell.swift; sourceTree = "<group>"; };
		5159D8A61C6666C60082C60E /* NameTableViewCell.swift */ = {isa = PBXFileReference; fileEncoding = 4; lastKnownFileType = sourcecode.swift; path = NameTableViewCell.swift; sourceTree = "<group>"; };
		516619271C61EFCE00956EB4 /* OpenFoodFactsRequest.swift */ = {isa = PBXFileReference; fileEncoding = 4; lastKnownFileType = sourcecode.swift; path = OpenFoodFactsRequest.swift; sourceTree = "<group>"; };
		516B327E1C74D9560031EF80 /* EditProductViewController.swift */ = {isa = PBXFileReference; fileEncoding = 4; lastKnownFileType = sourcecode.swift; path = EditProductViewController.swift; sourceTree = "<group>"; };
		516B32801C75F2430031EF80 /* BarcodeType.swift */ = {isa = PBXFileReference; fileEncoding = 4; lastKnownFileType = sourcecode.swift; path = BarcodeType.swift; sourceTree = "<group>"; };
		516B32821C75F47F0031EF80 /* NutritionLevelQuantity.swift */ = {isa = PBXFileReference; fileEncoding = 4; lastKnownFileType = sourcecode.swift; path = NutritionLevelQuantity.swift; sourceTree = "<group>"; };
		516B32841C75F5120031EF80 /* NutritionItem.swift */ = {isa = PBXFileReference; fileEncoding = 4; lastKnownFileType = sourcecode.swift; path = NutritionItem.swift; sourceTree = "<group>"; };
		516B32861C75F6F30031EF80 /* NutritionalGradeLevel.swift */ = {isa = PBXFileReference; fileEncoding = 4; lastKnownFileType = sourcecode.swift; path = NutritionalGradeLevel.swift; sourceTree = "<group>"; };
		516B32881C75F74F0031EF80 /* CompletionState.swift */ = {isa = PBXFileReference; fileEncoding = 4; lastKnownFileType = sourcecode.swift; path = CompletionState.swift; sourceTree = "<group>"; };
		516B328A1C75FE4B0031EF80 /* NutrientsTableViewController.swift */ = {isa = PBXFileReference; fileEncoding = 4; lastKnownFileType = sourcecode.swift; path = NutrientsTableViewController.swift; sourceTree = "<group>"; };
		516B328C1C75FF100031EF80 /* NutrientsImageTableViewCell.swift */ = {isa = PBXFileReference; fileEncoding = 4; lastKnownFileType = sourcecode.swift; path = NutrientsImageTableViewCell.swift; sourceTree = "<group>"; };
		516B328F1C7600F30031EF80 /* ServingSizeTableViewCell.swift */ = {isa = PBXFileReference; fileEncoding = 4; lastKnownFileType = sourcecode.swift; path = ServingSizeTableViewCell.swift; sourceTree = "<group>"; };
		516B32911C76043D0031EF80 /* NutrientsTableViewCell.swift */ = {isa = PBXFileReference; fileEncoding = 4; lastKnownFileType = sourcecode.swift; path = NutrientsTableViewCell.swift; sourceTree = "<group>"; };
		516D0C221C8DD30300C1C789 /* CountriesTagListViewTableViewCell.swift */ = {isa = PBXFileReference; fileEncoding = 4; lastKnownFileType = sourcecode.swift; path = CountriesTagListViewTableViewCell.swift; sourceTree = "<group>"; };
		516D0C241C8EE8DE00C1C789 /* nl */ = {isa = PBXFileReference; lastKnownFileType = text.plist.strings; name = nl; path = nl.lproj/Main.strings; sourceTree = "<group>"; };
		516D0C251C8EE8DF00C1C789 /* nl */ = {isa = PBXFileReference; lastKnownFileType = text.plist.strings; name = nl; path = nl.lproj/LaunchScreen.strings; sourceTree = "<group>"; };
		516D0C291C8F4CC300C1C789 /* nl */ = {isa = PBXFileReference; lastKnownFileType = text.plist.strings; name = nl; path = nl.lproj/InfoPlist.strings; sourceTree = "<group>"; };
		516D0C2E1C8F4CC400C1C789 /* nl */ = {isa = PBXFileReference; lastKnownFileType = text.plist.strings; name = nl; path = nl.lproj/Localizable.strings; sourceTree = "<group>"; };
		516D0C301C906E9E00C1C789 /* NutritionFactsTableViewCell.swift */ = {isa = PBXFileReference; fileEncoding = 4; lastKnownFileType = sourcecode.swift; path = NutritionFactsTableViewCell.swift; sourceTree = "<group>"; };
		516D0C321C91CC5C00C1C789 /* SettingsTableViewController.swift */ = {isa = PBXFileReference; fileEncoding = 4; lastKnownFileType = sourcecode.swift; path = SettingsTableViewController.swift; sourceTree = "<group>"; };
		5176AAEA1CA44F5A00B0494A /* Address.swift */ = {isa = PBXFileReference; fileEncoding = 4; lastKnownFileType = sourcecode.swift; path = Address.swift; sourceTree = "<group>"; };
		517AAD471C7DB07F00B12F3C /* IngredientsTableViewController.swift */ = {isa = PBXFileReference; fileEncoding = 4; lastKnownFileType = sourcecode.swift; path = IngredientsTableViewController.swift; sourceTree = "<group>"; };
		517AAD491C7DB5AD00B12F3C /* IngredientsFullTableViewCell.swift */ = {isa = PBXFileReference; fileEncoding = 4; lastKnownFileType = sourcecode.swift; path = IngredientsFullTableViewCell.swift; sourceTree = "<group>"; };
		517AAD4C1C7DB60700B12F3C /* AllergensFullTableViewCell.swift */ = {isa = PBXFileReference; fileEncoding = 4; lastKnownFileType = sourcecode.swift; path = AllergensFullTableViewCell.swift; sourceTree = "<group>"; };
		517AAD4E1C7DB61700B12F3C /* TracesFullTableViewCell.swift */ = {isa = PBXFileReference; fileEncoding = 4; lastKnownFileType = sourcecode.swift; path = TracesFullTableViewCell.swift; sourceTree = "<group>"; };
		517AAD501C7DB62700B12F3C /* AdditivesFullTableViewCell.swift */ = {isa = PBXFileReference; fileEncoding = 4; lastKnownFileType = sourcecode.swift; path = AdditivesFullTableViewCell.swift; sourceTree = "<group>"; };
		517AAD521C7DB63A00B12F3C /* IngredientsImageTableViewCell.swift */ = {isa = PBXFileReference; fileEncoding = 4; lastKnownFileType = sourcecode.swift; path = IngredientsImageTableViewCell.swift; sourceTree = "<group>"; };
		517AAD541C7DB65400B12F3C /* LabelsFullTableViewCell.swift */ = {isa = PBXFileReference; fileEncoding = 4; lastKnownFileType = sourcecode.swift; path = LabelsFullTableViewCell.swift; sourceTree = "<group>"; };
		517AAD561C81D1DE00B12F3C /* CategoriesExtendedTableViewCell.swift */ = {isa = PBXFileReference; fileEncoding = 4; lastKnownFileType = sourcecode.swift; path = CategoriesExtendedTableViewCell.swift; sourceTree = "<group>"; };
		5180B9041C5D3B57002DBD21 /* FoodViewer.app */ = {isa = PBXFileReference; explicitFileType = wrapper.application; includeInIndex = 0; path = FoodViewer.app; sourceTree = BUILT_PRODUCTS_DIR; };
		5180B9071C5D3B57002DBD21 /* AppDelegate.swift */ = {isa = PBXFileReference; lastKnownFileType = sourcecode.swift; path = AppDelegate.swift; sourceTree = "<group>"; };
		5180B90E1C5D3B57002DBD21 /* Assets.xcassets */ = {isa = PBXFileReference; lastKnownFileType = folder.assetcatalog; path = Assets.xcassets; sourceTree = "<group>"; };
		5180B9111C5D3B57002DBD21 /* Base */ = {isa = PBXFileReference; lastKnownFileType = file.storyboard; name = Base; path = Base.lproj/LaunchScreen.storyboard; sourceTree = "<group>"; };
		5180B9131C5D3B57002DBD21 /* Info.plist */ = {isa = PBXFileReference; lastKnownFileType = text.plist.xml; path = Info.plist; sourceTree = "<group>"; };
		5180B91A1C5D3B9E002DBD21 /* Product.swift */ = {isa = PBXFileReference; fileEncoding = 4; lastKnownFileType = sourcecode.swift; path = Product.swift; sourceTree = "<group>"; };
		5180B91E1C5E5BB7002DBD21 /* ProductTableViewController.swift */ = {isa = PBXFileReference; fileEncoding = 4; lastKnownFileType = sourcecode.swift; path = ProductTableViewController.swift; sourceTree = "<group>"; };
		51A3D3141CA1BC0900B36B5A /* MapTableViewCell.swift */ = {isa = PBXFileReference; fileEncoding = 4; lastKnownFileType = sourcecode.swift; path = MapTableViewCell.swift; sourceTree = "<group>"; };
		51A3D3161CA1BFDD00B36B5A /* SupplyChainLocation.swift */ = {isa = PBXFileReference; fileEncoding = 4; lastKnownFileType = sourcecode.swift; path = SupplyChainLocation.swift; sourceTree = "<group>"; };
		51AFB0041C73455E00598444 /* IdentificationTableViewController.swift */ = {isa = PBXFileReference; fileEncoding = 4; lastKnownFileType = sourcecode.swift; path = IdentificationTableViewController.swift; sourceTree = "<group>"; };
		51AFB0061C734C6600598444 /* IdentificationTagListViewTableViewCell.swift */ = {isa = PBXFileReference; fileEncoding = 4; lastKnownFileType = sourcecode.swift; path = IdentificationTagListViewTableViewCell.swift; sourceTree = "<group>"; };
		51AFB0091C734D6900598444 /* IdentificationImageTableViewCell.swift */ = {isa = PBXFileReference; fileEncoding = 4; lastKnownFileType = sourcecode.swift; path = IdentificationImageTableViewCell.swift; sourceTree = "<group>"; };
		51AFB00B1C73965800598444 /* IdentificationPackagingTagListViewTableViewCell.swift */ = {isa = PBXFileReference; fileEncoding = 4; lastKnownFileType = sourcecode.swift; path = IdentificationPackagingTagListViewTableViewCell.swift; sourceTree = "<group>"; };
		51AFB00D1C74876D00598444 /* ContributorTableViewCell.swift */ = {isa = PBXFileReference; fileEncoding = 4; lastKnownFileType = sourcecode.swift; path = ContributorTableViewCell.swift; sourceTree = "<group>"; };
		51B63CFE1CA80C4000391C34 /* README.md */ = {isa = PBXFileReference; fileEncoding = 4; lastKnownFileType = net.daringfireball.markdown; path = README.md; sourceTree = "<group>"; };
		51C29E3D1C6F89E800271708 /* 3608580744184.json */ = {isa = PBXFileReference; fileEncoding = 4; lastKnownFileType = text.json; path = 3608580744184.json; sourceTree = "<group>"; };
		51C29E411C708BAA00271708 /* CategoriesTableViewController.swift */ = {isa = PBXFileReference; fileEncoding = 4; lastKnownFileType = sourcecode.swift; path = CategoriesTableViewController.swift; sourceTree = "<group>"; };
		51C29E451C70A30B00271708 /* ProducerTableViewCell.swift */ = {isa = PBXFileReference; fileEncoding = 4; lastKnownFileType = sourcecode.swift; path = ProducerTableViewCell.swift; sourceTree = "<group>"; };
		51C29E471C70A96900271708 /* SupplyChainTableViewController.swift */ = {isa = PBXFileReference; fileEncoding = 4; lastKnownFileType = sourcecode.swift; path = SupplyChainTableViewController.swift; sourceTree = "<group>"; };
		51C29E491C70AA4700271708 /* TagListViewTableViewCell.swift */ = {isa = PBXFileReference; fileEncoding = 4; lastKnownFileType = sourcecode.swift; path = TagListViewTableViewCell.swift; sourceTree = "<group>"; };
		51C29E4B1C70B85C00271708 /* BarcodeScanViewController.swift */ = {isa = PBXFileReference; fileEncoding = 4; lastKnownFileType = sourcecode.swift; path = BarcodeScanViewController.swift; sourceTree = "<group>"; };
		51C611A71C88B2A2007A9BC5 /* ProductPageViewController.swift */ = {isa = PBXFileReference; fileEncoding = 4; lastKnownFileType = sourcecode.swift; path = ProductPageViewController.swift; sourceTree = "<group>"; };
		51C86B5C1C6DE901002B7566 /* CommunityTableViewCell.swift */ = {isa = PBXFileReference; fileEncoding = 4; lastKnownFileType = sourcecode.swift; path = CommunityTableViewCell.swift; sourceTree = "<group>"; };
		51C86B5E1C6E272A002B7566 /* CompletionTableViewCell.swift */ = {isa = PBXFileReference; fileEncoding = 4; lastKnownFileType = sourcecode.swift; path = CompletionTableViewCell.swift; sourceTree = "<group>"; };
		51C86B601C6E322B002B7566 /* CompletionStatesTableViewController.swift */ = {isa = PBXFileReference; fileEncoding = 4; lastKnownFileType = sourcecode.swift; path = CompletionStatesTableViewController.swift; sourceTree = "<group>"; };
		51C86B621C6E33E2002B7566 /* StateTableViewCell.swift */ = {isa = PBXFileReference; fileEncoding = 4; lastKnownFileType = sourcecode.swift; path = StateTableViewCell.swift; sourceTree = "<group>"; };
		51DAD36F1C5F63CD00895513 /* IngredientsTableViewCell.swift */ = {isa = PBXFileReference; fileEncoding = 4; lastKnownFileType = sourcecode.swift; path = IngredientsTableViewCell.swift; sourceTree = "<group>"; };
		51DAD3711C5F63F900895513 /* CategoriesTableViewCell.swift */ = {isa = PBXFileReference; fileEncoding = 4; lastKnownFileType = sourcecode.swift; path = CategoriesTableViewCell.swift; sourceTree = "<group>"; };
		51DAD3731C5F642C00895513 /* NutritionScoreTableViewCell.swift */ = {isa = PBXFileReference; fileEncoding = 4; lastKnownFileType = sourcecode.swift; path = NutritionScoreTableViewCell.swift; sourceTree = "<group>"; };
		51DAD3781C60A6A200895513 /* 737628064502.json */ = {isa = PBXFileReference; fileEncoding = 4; lastKnownFileType = text.json; path = 737628064502.json; sourceTree = "<group>"; };
		51E3069F1C68E0B900485A8D /* Base */ = {isa = PBXFileReference; lastKnownFileType = file.storyboard; name = Base; path = Base.lproj/Main.storyboard; sourceTree = "<group>"; };
		51E5CC951CAD13A400216868 /* 54004207.json */ = {isa = PBXFileReference; fileEncoding = 4; lastKnownFileType = text.json; path = 54004207.json; sourceTree = "<group>"; };
		51E5CC971CB10A7A00216868 /* ViewController.swift */ = {isa = PBXFileReference; fileEncoding = 4; lastKnownFileType = sourcecode.swift; path = ViewController.swift; sourceTree = "<group>"; };
		51E614911C821EFE00DAEE6C /* 6524654176.json */ = {isa = PBXFileReference; fileEncoding = 4; lastKnownFileType = text.json; path = 6524654176.json; sourceTree = "<group>"; };
		51E614931C8349AD00DAEE6C /* History.swift */ = {isa = PBXFileReference; fileEncoding = 4; lastKnownFileType = sourcecode.swift; path = History.swift; sourceTree = "<group>"; };
		51EA98B51C64A3C3000A503D /* Podfile */ = {isa = PBXFileReference; fileEncoding = 4; lastKnownFileType = text; path = Podfile; sourceTree = "<group>"; };
		51EA98B71C64A3DD000A503D /* JSON.swift */ = {isa = PBXFileReference; fileEncoding = 4; lastKnownFileType = sourcecode.swift; path = JSON.swift; sourceTree = "<group>"; };
		6A65ECC9AF4BA52E5D18C421 /* Pods-FoodViewer.debug.xcconfig */ = {isa = PBXFileReference; includeInIndex = 1; lastKnownFileType = text.xcconfig; name = "Pods-FoodViewer.debug.xcconfig"; path = "Pods/Target Support Files/Pods-FoodViewer/Pods-FoodViewer.debug.xcconfig"; sourceTree = "<group>"; };
		839CE63262EFE2BDE707E941 /* Pods-FoodViewer.release.xcconfig */ = {isa = PBXFileReference; includeInIndex = 1; lastKnownFileType = text.xcconfig; name = "Pods-FoodViewer.release.xcconfig"; path = "Pods/Target Support Files/Pods-FoodViewer/Pods-FoodViewer.release.xcconfig"; sourceTree = "<group>"; };
/* End PBXFileReference section */

/* Begin PBXFrameworksBuildPhase section */
		5180B9011C5D3B57002DBD21 /* Frameworks */ = {
			isa = PBXFrameworksBuildPhase;
			buildActionMask = 2147483647;
			files = (
				0A330205486064151D59B5B0 /* Pods_FoodViewer.framework in Frameworks */,
			);
			runOnlyForDeploymentPostprocessing = 0;
		};
/* End PBXFrameworksBuildPhase section */

/* Begin PBXGroup section */
		513982481C89CEB800250FB1 /* Pages */ = {
			isa = PBXGroup;
			children = (
				51AFB0041C73455E00598444 /* IdentificationTableViewController.swift */,
				517AAD471C7DB07F00B12F3C /* IngredientsTableViewController.swift */,
				516B328A1C75FE4B0031EF80 /* NutrientsTableViewController.swift */,
				51C29E471C70A96900271708 /* SupplyChainTableViewController.swift */,
				51C29E411C708BAA00271708 /* CategoriesTableViewController.swift */,
				51C86B601C6E322B002B7566 /* CompletionStatesTableViewController.swift */,
			);
			name = Pages;
			sourceTree = "<group>";
		};
		516B328E1C75FF2C0031EF80 /* NutrientsCells */ = {
			isa = PBXGroup;
			children = (
				516B328C1C75FF100031EF80 /* NutrientsImageTableViewCell.swift */,
				513982491C8C700B00250FB1 /* EmptyNutrientsTableViewCell.swift */,
				516B328F1C7600F30031EF80 /* ServingSizeTableViewCell.swift */,
				516B32911C76043D0031EF80 /* NutrientsTableViewCell.swift */,
			);
			name = NutrientsCells;
			sourceTree = "<group>";
		};
		517AAD261C7B4D0700B12F3C /* Product Cells */ = {
			isa = PBXGroup;
			children = (
				5159D8A61C6666C60082C60E /* NameTableViewCell.swift */,
				51DAD3731C5F642C00895513 /* NutritionScoreTableViewCell.swift */,
				516D0C301C906E9E00C1C789 /* NutritionFactsTableViewCell.swift */,
				51C86B5E1C6E272A002B7566 /* CompletionTableViewCell.swift */,
				51DAD36F1C5F63CD00895513 /* IngredientsTableViewCell.swift */,
				51C29E451C70A30B00271708 /* ProducerTableViewCell.swift */,
				51DAD3711C5F63F900895513 /* CategoriesTableViewCell.swift */,
				51C86B5C1C6DE901002B7566 /* CommunityTableViewCell.swift */,
			);
			name = "Product Cells";
			sourceTree = "<group>";
		};
		517AAD4B1C7DB5B800B12F3C /* IngredientsCell */ = {
			isa = PBXGroup;
			children = (
				517AAD491C7DB5AD00B12F3C /* IngredientsFullTableViewCell.swift */,
				517AAD4C1C7DB60700B12F3C /* AllergensFullTableViewCell.swift */,
				517AAD4E1C7DB61700B12F3C /* TracesFullTableViewCell.swift */,
				517AAD501C7DB62700B12F3C /* AdditivesFullTableViewCell.swift */,
				517AAD521C7DB63A00B12F3C /* IngredientsImageTableViewCell.swift */,
				517AAD541C7DB65400B12F3C /* LabelsFullTableViewCell.swift */,
			);
			name = IngredientsCell;
			sourceTree = "<group>";
		};
		5180B8FB1C5D3B57002DBD21 = {
			isa = PBXGroup;
			children = (
				51B63CFE1CA80C4000391C34 /* README.md */,
				51EA98B51C64A3C3000A503D /* Podfile */,
				5180B9061C5D3B57002DBD21 /* FoodViewer */,
				5180B9051C5D3B57002DBD21 /* Products */,
				562F38C310DD28D5988445B4 /* Pods */,
				8D5BF8EB34E389A8CBCBBD1A /* Frameworks */,
			);
			sourceTree = "<group>";
		};
		5180B9051C5D3B57002DBD21 /* Products */ = {
			isa = PBXGroup;
			children = (
				5180B9041C5D3B57002DBD21 /* FoodViewer.app */,
			);
			name = Products;
			sourceTree = "<group>";
		};
		5180B9061C5D3B57002DBD21 /* FoodViewer */ = {
			isa = PBXGroup;
			children = (
				5180B91E1C5E5BB7002DBD21 /* ProductTableViewController.swift */,
				516D0C321C91CC5C00C1C789 /* SettingsTableViewController.swift */,
				51C29E4B1C70B85C00271708 /* BarcodeScanViewController.swift */,
				51E5CC971CB10A7A00216868 /* ViewController.swift */,
				51E925ED1C678FAC009C52E8 /* Model */,
				51DCD3C91C6A110900D39898 /* Specifics */,
				51E3069E1C68E0B900485A8D /* Main.storyboard */,
				51DAD3771C5F757A00895513 /* ProductTableCells */,
				5180B9191C5D3B75002DBD21 /* Support files */,
			);
			path = FoodViewer;
			sourceTree = "<group>";
		};
		5180B9191C5D3B75002DBD21 /* Support files */ = {
			isa = PBXGroup;
			children = (
				516D0C2F1C8F4CC400C1C789 /* Localizable.strings */,
				516D0C2A1C8F4CC300C1C789 /* InfoPlist.strings */,
				51243AA51CA93DCB003F6D88 /* APIDataFields.txt */,
				51E614911C821EFE00DAEE6C /* 6524654176.json */,
				51DAD3781C60A6A200895513 /* 737628064502.json */,
				51C29E3D1C6F89E800271708 /* 3608580744184.json */,
				5180B9071C5D3B57002DBD21 /* AppDelegate.swift */,
				5180B90E1C5D3B57002DBD21 /* Assets.xcassets */,
				5180B9101C5D3B57002DBD21 /* LaunchScreen.storyboard */,
				5180B9131C5D3B57002DBD21 /* Info.plist */,
				51243AA41CA92906003F6D88 /* 20454456.json */,
				51E5CC951CAD13A400216868 /* 54004207.json */,
			);
			name = "Support files";
			sourceTree = "<group>";
		};
		51AFB0081C734CD900598444 /* IdentificationCells */ = {
			isa = PBXGroup;
			children = (
				51AFB0061C734C6600598444 /* IdentificationTagListViewTableViewCell.swift */,
				51AFB00B1C73965800598444 /* IdentificationPackagingTagListViewTableViewCell.swift */,
				51AFB0091C734D6900598444 /* IdentificationImageTableViewCell.swift */,
			);
			name = IdentificationCells;
			sourceTree = "<group>";
		};
		51AFB00F1C74877700598444 /* ContributorsCell */ = {
			isa = PBXGroup;
			children = (
				51C86B621C6E33E2002B7566 /* StateTableViewCell.swift */,
				51AFB00D1C74876D00598444 /* ContributorTableViewCell.swift */,
			);
			name = ContributorsCell;
			sourceTree = "<group>";
		};
		51DAD3771C5F757A00895513 /* ProductTableCells */ = {
			isa = PBXGroup;
			children = (
				51A3D3141CA1BC0900B36B5A /* MapTableViewCell.swift */,
				516D0C221C8DD30300C1C789 /* CountriesTagListViewTableViewCell.swift */,
				517AAD561C81D1DE00B12F3C /* CategoriesExtendedTableViewCell.swift */,
				517AAD4B1C7DB5B800B12F3C /* IngredientsCell */,
				516B328E1C75FF2C0031EF80 /* NutrientsCells */,
				51AFB00F1C74877700598444 /* ContributorsCell */,
				51C29E491C70AA4700271708 /* TagListViewTableViewCell.swift */,
				51AFB0081C734CD900598444 /* IdentificationCells */,
				517AAD261C7B4D0700B12F3C /* Product Cells */,
			);
			name = ProductTableCells;
			sourceTree = "<group>";
		};
		51DCD3C91C6A110900D39898 /* Specifics */ = {
			isa = PBXGroup;
			children = (
				51C611A71C88B2A2007A9BC5 /* ProductPageViewController.swift */,
				513982481C89CEB800250FB1 /* Pages */,
				512499A01C6CD0100061A083 /* imageViewController.swift */,
				516B327E1C74D9560031EF80 /* EditProductViewController.swift */,
			);
			name = Specifics;
			sourceTree = "<group>";
		};
		51E925ED1C678FAC009C52E8 /* Model */ = {
			isa = PBXGroup;
			children = (
				51A3D3161CA1BFDD00B36B5A /* SupplyChainLocation.swift */,
				51E614931C8349AD00DAEE6C /* History.swift */,
				51EA98B71C64A3DD000A503D /* JSON.swift */,
				516619271C61EFCE00956EB4 /* OpenFoodFactsRequest.swift */,
				5180B91A1C5D3B9E002DBD21 /* Product.swift */,
				5176AAEA1CA44F5A00B0494A /* Address.swift */,
				516B32881C75F74F0031EF80 /* CompletionState.swift */,
				516B32861C75F6F30031EF80 /* NutritionalGradeLevel.swift */,
				516B32841C75F5120031EF80 /* NutritionItem.swift */,
				516B32821C75F47F0031EF80 /* NutritionLevelQuantity.swift */,
				516B32801C75F2430031EF80 /* BarcodeType.swift */,
			);
			name = Model;
			sourceTree = "<group>";
		};
		562F38C310DD28D5988445B4 /* Pods */ = {
			isa = PBXGroup;
			children = (
				6A65ECC9AF4BA52E5D18C421 /* Pods-FoodViewer.debug.xcconfig */,
				839CE63262EFE2BDE707E941 /* Pods-FoodViewer.release.xcconfig */,
			);
			name = Pods;
			sourceTree = "<group>";
		};
		8D5BF8EB34E389A8CBCBBD1A /* Frameworks */ = {
			isa = PBXGroup;
			children = (
				0AF4ACF2982F575976B35403 /* Pods_FoodViewer.framework */,
			);
			name = Frameworks;
			sourceTree = "<group>";
		};
/* End PBXGroup section */

/* Begin PBXNativeTarget section */
		5180B9031C5D3B57002DBD21 /* FoodViewer */ = {
			isa = PBXNativeTarget;
			buildConfigurationList = 5180B9161C5D3B57002DBD21 /* Build configuration list for PBXNativeTarget "FoodViewer" */;
			buildPhases = (
				49EE6C82AB0D5499B4312E4A /* Check Pods Manifest.lock */,
				5180B9001C5D3B57002DBD21 /* Sources */,
				5180B9011C5D3B57002DBD21 /* Frameworks */,
				5180B9021C5D3B57002DBD21 /* Resources */,
				8835C103BEFB071CC03EC9F3 /* Embed Pods Frameworks */,
				FF32977D62A90EEECDA0E8D1 /* Copy Pods Resources */,
			);
			buildRules = (
			);
			dependencies = (
			);
			name = FoodViewer;
			productName = FoodViewer;
			productReference = 5180B9041C5D3B57002DBD21 /* FoodViewer.app */;
			productType = "com.apple.product-type.application";
		};
/* End PBXNativeTarget section */

/* Begin PBXProject section */
		5180B8FC1C5D3B57002DBD21 /* Project object */ = {
			isa = PBXProject;
			attributes = {
				LastSwiftUpdateCheck = 0720;
				LastUpgradeCheck = 0720;
				ORGANIZATIONNAME = "Hovering Above";
				TargetAttributes = {
					5180B9031C5D3B57002DBD21 = {
						CreatedOnToolsVersion = 7.2;
						DevelopmentTeam = Q4FXMVWJ7V;
					};
				};
			};
			buildConfigurationList = 5180B8FF1C5D3B57002DBD21 /* Build configuration list for PBXProject "FoodViewer" */;
			compatibilityVersion = "Xcode 3.2";
			developmentRegion = English;
			hasScannedForEncodings = 0;
			knownRegions = (
				en,
				Base,
			);
			mainGroup = 5180B8FB1C5D3B57002DBD21;
			productRefGroup = 5180B9051C5D3B57002DBD21 /* Products */;
			projectDirPath = "";
			projectRoot = "";
			targets = (
				5180B9031C5D3B57002DBD21 /* FoodViewer */,
			);
		};
/* End PBXProject section */

/* Begin PBXResourcesBuildPhase section */
		5180B9021C5D3B57002DBD21 /* Resources */ = {
			isa = PBXResourcesBuildPhase;
			buildActionMask = 2147483647;
			files = (
				51E5CC961CAD13A600216868 /* 54004207.json in Resources */,
				51EA98B61C64A3C3000A503D /* Podfile in Resources */,
				51E306A01C68E0B900485A8D /* Main.storyboard in Resources */,
				5180B9121C5D3B57002DBD21 /* LaunchScreen.storyboard in Resources */,
				516D0C2D1C8F4CC400C1C789 /* Localizable.strings in Resources */,
				5180B90F1C5D3B57002DBD21 /* Assets.xcassets in Resources */,
				516D0C281C8F4CC300C1C789 /* InfoPlist.strings in Resources */,
			);
			runOnlyForDeploymentPostprocessing = 0;
		};
/* End PBXResourcesBuildPhase section */

/* Begin PBXShellScriptBuildPhase section */
		49EE6C82AB0D5499B4312E4A /* Check Pods Manifest.lock */ = {
			isa = PBXShellScriptBuildPhase;
			buildActionMask = 2147483647;
			files = (
			);
			inputPaths = (
			);
			name = "Check Pods Manifest.lock";
			outputPaths = (
			);
			runOnlyForDeploymentPostprocessing = 0;
			shellPath = /bin/sh;
			shellScript = "diff \"${PODS_ROOT}/../Podfile.lock\" \"${PODS_ROOT}/Manifest.lock\" > /dev/null\nif [[ $? != 0 ]] ; then\n    cat << EOM\nerror: The sandbox is not in sync with the Podfile.lock. Run 'pod install' or update your CocoaPods installation.\nEOM\n    exit 1\nfi\n";
			showEnvVarsInLog = 0;
		};
		8835C103BEFB071CC03EC9F3 /* Embed Pods Frameworks */ = {
			isa = PBXShellScriptBuildPhase;
			buildActionMask = 2147483647;
			files = (
			);
			inputPaths = (
			);
			name = "Embed Pods Frameworks";
			outputPaths = (
			);
			runOnlyForDeploymentPostprocessing = 0;
			shellPath = /bin/sh;
			shellScript = "\"${SRCROOT}/Pods/Target Support Files/Pods-FoodViewer/Pods-FoodViewer-frameworks.sh\"\n";
			showEnvVarsInLog = 0;
		};
		FF32977D62A90EEECDA0E8D1 /* Copy Pods Resources */ = {
			isa = PBXShellScriptBuildPhase;
			buildActionMask = 2147483647;
			files = (
			);
			inputPaths = (
			);
			name = "Copy Pods Resources";
			outputPaths = (
			);
			runOnlyForDeploymentPostprocessing = 0;
			shellPath = /bin/sh;
			shellScript = "\"${SRCROOT}/Pods/Target Support Files/Pods-FoodViewer/Pods-FoodViewer-resources.sh\"\n";
			showEnvVarsInLog = 0;
		};
/* End PBXShellScriptBuildPhase section */

/* Begin PBXSourcesBuildPhase section */
		5180B9001C5D3B57002DBD21 /* Sources */ = {
			isa = PBXSourcesBuildPhase;
			buildActionMask = 2147483647;
			files = (
				517AAD531C7DB63A00B12F3C /* IngredientsImageTableViewCell.swift in Sources */,
				51DAD3701C5F63CD00895513 /* IngredientsTableViewCell.swift in Sources */,
				51AFB00C1C73965800598444 /* IdentificationPackagingTagListViewTableViewCell.swift in Sources */,
				51C29E481C70A96900271708 /* SupplyChainTableViewController.swift in Sources */,
				51C29E4C1C70B85D00271708 /* BarcodeScanViewController.swift in Sources */,
				51EA98B81C64A3DD000A503D /* JSON.swift in Sources */,
				51DAD3741C5F642C00895513 /* NutritionScoreTableViewCell.swift in Sources */,
				51C86B631C6E33E2002B7566 /* StateTableViewCell.swift in Sources */,
				51C29E461C70A30B00271708 /* ProducerTableViewCell.swift in Sources */,
				512499A11C6CD0100061A083 /* imageViewController.swift in Sources */,
				517AAD571C81D1DE00B12F3C /* CategoriesExtendedTableViewCell.swift in Sources */,
				5180B9081C5D3B57002DBD21 /* AppDelegate.swift in Sources */,
				5176AAEB1CA44F5A00B0494A /* Address.swift in Sources */,
				517AAD4D1C7DB60700B12F3C /* AllergensFullTableViewCell.swift in Sources */,
				517AAD4A1C7DB5AD00B12F3C /* IngredientsFullTableViewCell.swift in Sources */,
				516B328B1C75FE4B0031EF80 /* NutrientsTableViewController.swift in Sources */,
				516B32811C75F2430031EF80 /* BarcodeType.swift in Sources */,
				51C86B611C6E322C002B7566 /* CompletionStatesTableViewController.swift in Sources */,
				517AAD511C7DB62700B12F3C /* AdditivesFullTableViewCell.swift in Sources */,
				51E614941C8349AD00DAEE6C /* History.swift in Sources */,
				51C29E4A1C70AA4700271708 /* TagListViewTableViewCell.swift in Sources */,
				517AAD551C7DB65400B12F3C /* LabelsFullTableViewCell.swift in Sources */,
				516B327F1C74D9560031EF80 /* EditProductViewController.swift in Sources */,
				516B32831C75F47F0031EF80 /* NutritionLevelQuantity.swift in Sources */,
				516B328D1C75FF100031EF80 /* NutrientsImageTableViewCell.swift in Sources */,
				51A3D3151CA1BC0900B36B5A /* MapTableViewCell.swift in Sources */,
				51C29E421C708BAA00271708 /* CategoriesTableViewController.swift in Sources */,
				516D0C231C8DD30400C1C789 /* CountriesTagListViewTableViewCell.swift in Sources */,
				5180B91F1C5E5BB8002DBD21 /* ProductTableViewController.swift in Sources */,
				51C86B5F1C6E272A002B7566 /* CompletionTableViewCell.swift in Sources */,
				51AFB0071C734C6600598444 /* IdentificationTagListViewTableViewCell.swift in Sources */,
				5159D8A71C6666C60082C60E /* NameTableViewCell.swift in Sources */,
				516619281C61EFCE00956EB4 /* OpenFoodFactsRequest.swift in Sources */,
				51AFB00E1C74876E00598444 /* ContributorTableViewCell.swift in Sources */,
				51E5CC981CB10A7E00216868 /* ViewController.swift in Sources */,
				5180B91B1C5D3B9E002DBD21 /* Product.swift in Sources */,
				516D0C311C906E9F00C1C789 /* NutritionFactsTableViewCell.swift in Sources */,
				517AAD4F1C7DB61700B12F3C /* TracesFullTableViewCell.swift in Sources */,
				517AAD481C7DB08100B12F3C /* IngredientsTableViewController.swift in Sources */,
				51AFB00A1C734D6900598444 /* IdentificationImageTableViewCell.swift in Sources */,
				516B32901C7600F30031EF80 /* ServingSizeTableViewCell.swift in Sources */,
				51C611A81C88B2A3007A9BC5 /* ProductPageViewController.swift in Sources */,
				516B32891C75F74F0031EF80 /* CompletionState.swift in Sources */,
				51A3D3171CA1BFDD00B36B5A /* SupplyChainLocation.swift in Sources */,
				5139824A1C8C700D00250FB1 /* EmptyNutrientsTableViewCell.swift in Sources */,
				51DAD3721C5F63F900895513 /* CategoriesTableViewCell.swift in Sources */,
				516B32851C75F5130031EF80 /* NutritionItem.swift in Sources */,
				51C86B5D1C6DE901002B7566 /* CommunityTableViewCell.swift in Sources */,
				516D0C331C91CC5D00C1C789 /* SettingsTableViewController.swift in Sources */,
				51AFB0051C73455E00598444 /* IdentificationTableViewController.swift in Sources */,
				516B32921C76043D0031EF80 /* NutrientsTableViewCell.swift in Sources */,
				516B32871C75F6F30031EF80 /* NutritionalGradeLevel.swift in Sources */,
			);
			runOnlyForDeploymentPostprocessing = 0;
		};
/* End PBXSourcesBuildPhase section */

/* Begin PBXVariantGroup section */
		516D0C2A1C8F4CC300C1C789 /* InfoPlist.strings */ = {
			isa = PBXVariantGroup;
			children = (
				516D0C291C8F4CC300C1C789 /* nl */,
			);
			name = InfoPlist.strings;
			sourceTree = "<group>";
		};
		516D0C2F1C8F4CC400C1C789 /* Localizable.strings */ = {
			isa = PBXVariantGroup;
			children = (
				516D0C2E1C8F4CC400C1C789 /* nl */,
			);
			name = Localizable.strings;
			sourceTree = "<group>";
		};
		5180B9101C5D3B57002DBD21 /* LaunchScreen.storyboard */ = {
			isa = PBXVariantGroup;
			children = (
				5180B9111C5D3B57002DBD21 /* Base */,
				516D0C251C8EE8DF00C1C789 /* nl */,
			);
			name = LaunchScreen.storyboard;
			sourceTree = "<group>";
		};
		51E3069E1C68E0B900485A8D /* Main.storyboard */ = {
			isa = PBXVariantGroup;
			children = (
				51E3069F1C68E0B900485A8D /* Base */,
				516D0C241C8EE8DE00C1C789 /* nl */,
			);
			name = Main.storyboard;
			sourceTree = "<group>";
		};
/* End PBXVariantGroup section */

/* Begin XCBuildConfiguration section */
		5180B9141C5D3B57002DBD21 /* Debug */ = {
			isa = XCBuildConfiguration;
			buildSettings = {
				ALWAYS_SEARCH_USER_PATHS = NO;
				CLANG_CXX_LANGUAGE_STANDARD = "gnu++0x";
				CLANG_CXX_LIBRARY = "libc++";
				CLANG_ENABLE_MODULES = YES;
				CLANG_ENABLE_OBJC_ARC = YES;
				CLANG_WARN_BOOL_CONVERSION = YES;
				CLANG_WARN_CONSTANT_CONVERSION = YES;
				CLANG_WARN_DIRECT_OBJC_ISA_USAGE = YES_ERROR;
				CLANG_WARN_EMPTY_BODY = YES;
				CLANG_WARN_ENUM_CONVERSION = YES;
				CLANG_WARN_INT_CONVERSION = YES;
				CLANG_WARN_OBJC_ROOT_CLASS = YES_ERROR;
				CLANG_WARN_UNREACHABLE_CODE = YES;
				CLANG_WARN__DUPLICATE_METHOD_MATCH = YES;
				"CODE_SIGN_IDENTITY[sdk=iphoneos*]" = "iPhone Developer";
				COPY_PHASE_STRIP = NO;
				DEBUG_INFORMATION_FORMAT = dwarf;
				ENABLE_STRICT_OBJC_MSGSEND = YES;
				ENABLE_TESTABILITY = YES;
				GCC_C_LANGUAGE_STANDARD = gnu99;
				GCC_DYNAMIC_NO_PIC = NO;
				GCC_NO_COMMON_BLOCKS = YES;
				GCC_OPTIMIZATION_LEVEL = 0;
				GCC_PREPROCESSOR_DEFINITIONS = (
					"DEBUG=1",
					"$(inherited)",
				);
				GCC_WARN_64_TO_32_BIT_CONVERSION = YES;
				GCC_WARN_ABOUT_RETURN_TYPE = YES_ERROR;
				GCC_WARN_UNDECLARED_SELECTOR = YES;
				GCC_WARN_UNINITIALIZED_AUTOS = YES_AGGRESSIVE;
				GCC_WARN_UNUSED_FUNCTION = YES;
				GCC_WARN_UNUSED_VARIABLE = YES;
				IPHONEOS_DEPLOYMENT_TARGET = 9.2;
				MTL_ENABLE_DEBUG_INFO = YES;
				ONLY_ACTIVE_ARCH = YES;
				SDKROOT = iphoneos;
				SWIFT_OPTIMIZATION_LEVEL = "-Onone";
				TARGETED_DEVICE_FAMILY = "1,2";
			};
			name = Debug;
		};
		5180B9151C5D3B57002DBD21 /* Release */ = {
			isa = XCBuildConfiguration;
			buildSettings = {
				ALWAYS_SEARCH_USER_PATHS = NO;
				CLANG_CXX_LANGUAGE_STANDARD = "gnu++0x";
				CLANG_CXX_LIBRARY = "libc++";
				CLANG_ENABLE_MODULES = YES;
				CLANG_ENABLE_OBJC_ARC = YES;
				CLANG_WARN_BOOL_CONVERSION = YES;
				CLANG_WARN_CONSTANT_CONVERSION = YES;
				CLANG_WARN_DIRECT_OBJC_ISA_USAGE = YES_ERROR;
				CLANG_WARN_EMPTY_BODY = YES;
				CLANG_WARN_ENUM_CONVERSION = YES;
				CLANG_WARN_INT_CONVERSION = YES;
				CLANG_WARN_OBJC_ROOT_CLASS = YES_ERROR;
				CLANG_WARN_UNREACHABLE_CODE = YES;
				CLANG_WARN__DUPLICATE_METHOD_MATCH = YES;
				"CODE_SIGN_IDENTITY[sdk=iphoneos*]" = "iPhone Developer";
				COPY_PHASE_STRIP = NO;
				DEBUG_INFORMATION_FORMAT = "dwarf-with-dsym";
				ENABLE_NS_ASSERTIONS = NO;
				ENABLE_STRICT_OBJC_MSGSEND = YES;
				GCC_C_LANGUAGE_STANDARD = gnu99;
				GCC_NO_COMMON_BLOCKS = YES;
				GCC_WARN_64_TO_32_BIT_CONVERSION = YES;
				GCC_WARN_ABOUT_RETURN_TYPE = YES_ERROR;
				GCC_WARN_UNDECLARED_SELECTOR = YES;
				GCC_WARN_UNINITIALIZED_AUTOS = YES_AGGRESSIVE;
				GCC_WARN_UNUSED_FUNCTION = YES;
				GCC_WARN_UNUSED_VARIABLE = YES;
				IPHONEOS_DEPLOYMENT_TARGET = 9.2;
				MTL_ENABLE_DEBUG_INFO = NO;
				SDKROOT = iphoneos;
				TARGETED_DEVICE_FAMILY = "1,2";
				VALIDATE_PRODUCT = YES;
			};
			name = Release;
		};
		5180B9171C5D3B57002DBD21 /* Debug */ = {
			isa = XCBuildConfiguration;
			baseConfigurationReference = 6A65ECC9AF4BA52E5D18C421 /* Pods-FoodViewer.debug.xcconfig */;
			buildSettings = {
				ASSETCATALOG_COMPILER_APPICON_NAME = AppIcon;
				CODE_SIGN_IDENTITY = "iPhone Developer";
				"CODE_SIGN_IDENTITY[sdk=iphoneos*]" = "iPhone Developer";
				INFOPLIST_FILE = FoodViewer/Info.plist;
				LD_RUNPATH_SEARCH_PATHS = "$(inherited) @executable_path/Frameworks";
				PRODUCT_BUNDLE_IDENTIFIER = com.sivas.hoveringabove.FoodViewer;
				PRODUCT_NAME = "$(TARGET_NAME)";
				PROVISIONING_PROFILE = "";
			};
			name = Debug;
		};
		5180B9181C5D3B57002DBD21 /* Release */ = {
			isa = XCBuildConfiguration;
			baseConfigurationReference = 839CE63262EFE2BDE707E941 /* Pods-FoodViewer.release.xcconfig */;
			buildSettings = {
				ASSETCATALOG_COMPILER_APPICON_NAME = AppIcon;
				CODE_SIGN_IDENTITY = "iPhone Developer";
				"CODE_SIGN_IDENTITY[sdk=iphoneos*]" = "iPhone Developer";
				INFOPLIST_FILE = FoodViewer/Info.plist;
				LD_RUNPATH_SEARCH_PATHS = "$(inherited) @executable_path/Frameworks";
				PRODUCT_BUNDLE_IDENTIFIER = com.sivas.hoveringabove.FoodViewer;
				PRODUCT_NAME = "$(TARGET_NAME)";
				PROVISIONING_PROFILE = "";
			};
			name = Release;
		};
/* End XCBuildConfiguration section */

/* Begin XCConfigurationList section */
		5180B8FF1C5D3B57002DBD21 /* Build configuration list for PBXProject "FoodViewer" */ = {
			isa = XCConfigurationList;
			buildConfigurations = (
				5180B9141C5D3B57002DBD21 /* Debug */,
				5180B9151C5D3B57002DBD21 /* Release */,
			);
			defaultConfigurationIsVisible = 0;
			defaultConfigurationName = Release;
		};
		5180B9161C5D3B57002DBD21 /* Build configuration list for PBXNativeTarget "FoodViewer" */ = {
			isa = XCConfigurationList;
			buildConfigurations = (
				5180B9171C5D3B57002DBD21 /* Debug */,
				5180B9181C5D3B57002DBD21 /* Release */,
			);
			defaultConfigurationIsVisible = 0;
			defaultConfigurationName = Release;
		};
/* End XCConfigurationList section */
	};
	rootObject = 5180B8FC1C5D3B57002DBD21 /* Project object */;
}
